
Microsoft Visual Studio Solution File, Format Version 12.00
# Visual Studio Version 17
VisualStudioVersion = 17.8.34330.188
MinimumVisualStudioVersion = 10.0.40219.1
Project("{FAE04EC0-301F-11D3-BF4B-00C04F79EFBC}") = "WebAppDbCoonection", "WebAppDbCoonection\WebAppDbCoonection.csproj", "{7BEF2B38-2F1A-4688-854E-DDFF156C8A2D}"
EndProject
Global
	GlobalSection(SolutionConfigurationPlatforms) = preSolution
		Debug|Any CPU = Debug|Any CPU
		Release|Any CPU = Release|Any CPU
	EndGlobalSection
	GlobalSection(ProjectConfigurationPlatforms) = postSolution
		{7BEF2B38-2F1A-4688-854E-DDFF156C8A2D}.Debug|Any CPU.ActiveCfg = Debug|Any CPU
		{7BEF2B38-2F1A-4688-854E-DDFF156C8A2D}.Debug|Any CPU.Build.0 = Debug|Any CPU
		{7BEF2B38-2F1A-4688-854E-DDFF156C8A2D}.Release|Any CPU.ActiveCfg = Release|Any CPU
		{7BEF2B38-2F1A-4688-854E-DDFF156C8A2D}.Release|Any CPU.Build.0 = Release|Any CPU
	EndGlobalSection
	GlobalSection(SolutionProperties) = preSolution
		HideSolutionNode = FALSE
	EndGlobalSection
	GlobalSection(ExtensibilityGlobals) = postSolution
		SolutionGuid = {EA6F7B30-CE3E-4849-BDFC-ED128CBC25C6}
	EndGlobalSection
EndGlobal
